PODS:
  - Alamofire (5.2.2)
  - Realm (5.4.7):
    - Realm/Headers (= 5.4.7)
  - Realm/Headers (5.4.7)
  - RealmSwift (5.4.7):
    - Realm (= 5.4.7)
  - RxAlamofire (5.6.2):
    - RxAlamofire/Core (= 5.6.2)
  - RxAlamofire/Core (5.6.2):
    - Alamofire (~> 5.2)
    - RxSwift (~> 5.1)
  - RxCocoa (5.1.1):
    - RxRelay (~> 5)
    - RxSwift (~> 5)
  - RxRealm (3.1.0):
    - RealmSwift (~> 5.2)
    - RxSwift (~> 5.0)
  - RxRelay (5.1.1):
    - RxSwift (~> 5)
  - RxSwift (5.1.1)
  - SwiftGen (6.3.0)
  - SwiftLint (0.40.3)

DEPENDENCIES:
  - Alamofire
  - RealmSwift
  - RxAlamofire
  - RxCocoa
  - RxRealm
  - RxSwift
  - SwiftGen (~> 6.0)
  - SwiftLint

SPEC REPOS:
  https://github.com/CocoaPods/Specs.git:
    - Alamofire
    - Realm
    - RealmSwift
    - RxAlamofire
    - RxCocoa
    - RxRealm
    - RxRelay
    - RxSwift
    - SwiftGen
    - SwiftLint

SPEC CHECKSUMS:
  Alamofire: 814429acc853c6c54ff123fc3d2ef66803823ce0
  Realm: 4bfc08e376b2e30c84ec3200ebe715574da05cc0
  RealmSwift: ed40f371b62e8677141939e05b44a0c1a0a2d965
  RxAlamofire: aa949d345b1689eae02b7c7a217518878144f6df
  RxCocoa: 32065309a38d29b5b0db858819b5bf9ef038b601
  RxRealm: 50e5fe5c1f22518205afbb313fbc5580d73bc586
  RxRelay: d77f7d771495f43c556cbc43eebd1bb54d01e8e9
  RxSwift: 81470a2074fa8780320ea5fe4102807cb7118178
  SwiftGen: 3d5024a47ea79e408cded20763d7a17d18a4548c
  SwiftLint: dfd554ff0dff17288ee574814ccdd5cea85d76f7

PODFILE CHECKSUM: aabd748ab5f9d46bb104f86eba2558ff4b14a9f9

COCOAPODS: 1.9.3
